
Microsoft Visual Studio Solution File, Format Version 12.00
# Visual Studio Version 17
VisualStudioVersion = 17.14.36511.14
MinimumVisualStudioVersion = 10.0.40219.1
Project("{2150E333-8FDC-42A3-9474-1A3956D46DE8}") = "Task0", "Task0", "{02EA681E-C7D8-13C7-8484-4AC65E1B71E8}"
EndProject
Project("{FAE04EC0-301F-11D3-BF4B-00C04F79EFBC}") = "Tyuiu.KosyakovDS.Sprint2.Task0.V2", "Tyuiu.KosyakovDS.Sprint2.Task0.V2\Tyuiu.KosyakovDS.Sprint2.Task0.V2.csproj", "{C7B33D9B-1B9A-6C58-AB4D-8D44B86E427D}"
EndProject
Project("{FAE04EC0-301F-11D3-BF4B-00C04F79EFBC}") = "Tyuiu.KosyakovDS.Sprint2.Task0.V2.Lib", "Tyuiu.KosyakovDS.Sprint2.Task0.V2.Lib\Tyuiu.KosyakovDS.Sprint2.Task0.V2.Lib.csproj", "{3D8B19E6-D874-F8C7-C593-4737778D0BF9}"
EndProject
Project("{FAE04EC0-301F-11D3-BF4B-00C04F79EFBC}") = "Tyuiu.KosyakovDS.Sprint2.Task0.V2.Test", "Tyuiu.KosyakovDS.Sprint2.Task0.V2.Test\Tyuiu.KosyakovDS.Sprint2.Task0.V2.Test.csproj", "{86397D9C-E875-4F99-BF61-337D69E0E018}"
EndProject
Project("{2150E333-8FDC-42A3-9474-1A3956D46DE8}") = "Task1", "Task1", "{239096DE-DB1B-4730-BFDE-9904FCADD573}"
EndProject
Project("{FAE04EC0-301F-11D3-BF4B-00C04F79EFBC}") = "Tyuiu.KosyakovDS.Sprint2.Task1.V6", "Tyuiu.KosyakovDS.Sprint2.Task1.V6\Tyuiu.KosyakovDS.Sprint2.Task1.V6.csproj", "{A59ED75A-BB5B-4498-8B84-FF98E6FD13BB}"
EndProject
Project("{FAE04EC0-301F-11D3-BF4B-00C04F79EFBC}") = "Tyuiu.KosyakovDS.Sprint2.Task1.V6.Lib", "Tyuiu.KosyakovDS.Sprint2.Task1.V6.Lib\Tyuiu.KosyakovDS.Sprint2.Task1.V6.Lib.csproj", "{1E2A858F-1B60-4030-98C3-028759046101}"
EndProject
Project("{FAE04EC0-301F-11D3-BF4B-00C04F79EFBC}") = "Tyuiu.KosyakovDS.Sprint2.Task1.V6.Test", "Tyuiu.KosyakovDS.Sprint2.Task1.V6.Test\Tyuiu.KosyakovDS.Sprint2.Task1.V6.Test.csproj", "{905939C0-4020-4043-83D3-A2AD9587A43E}"
EndProject
Project("{2150E333-8FDC-42A3-9474-1A3956D46DE8}") = "Task2", "Task2", "{AAF4027A-F769-41FC-93CF-1302FC795104}"
EndProject
Project("{FAE04EC0-301F-11D3-BF4B-00C04F79EFBC}") = "Tyuiu.KosyakovDS.Sprint2.Task2.V24", "Tyuiu.KosyakovDS.Sprint2.Task2.V24\Tyuiu.KosyakovDS.Sprint2.Task2.V24.csproj", "{B2EF3E08-64C7-49E4-9967-9BED1B648A07}"
EndProject
Project("{FAE04EC0-301F-11D3-BF4B-00C04F79EFBC}") = "Tyuiu.KosyakovDS.Sprint2.Task2.V24.Lib", "Tyuiu.KosyakovDS.Sprint2.Task2.V24.Lib\Tyuiu.KosyakovDS.Sprint2.Task2.V24.Lib.csproj", "{A973CC2B-958F-42BF-8CEA-567EE7FD5A8F}"
EndProject
Project("{FAE04EC0-301F-11D3-BF4B-00C04F79EFBC}") = "Tyuiu.KosyakovDS.Sprint2.Task2.V24.Test", "Tyuiu.KosyakovDS.Sprint2.Task2.V24.Test\Tyuiu.KosyakovDS.Sprint2.Task2.V24.Test.csproj", "{9AC25638-098C-4375-85AA-78859C66887E}"
EndProject
Project("{2150E333-8FDC-42A3-9474-1A3956D46DE8}") = "Task3", "Task3", "{96252024-46E2-4C87-98E7-6085532C2ED4}"
EndProject
Project("{FAE04EC0-301F-11D3-BF4B-00C04F79EFBC}") = "Tyuiu.KosyakovDS.Sprint2.Task3.V16", "Tyuiu.KosyakovDS.Sprint2.Task3.V16\Tyuiu.KosyakovDS.Sprint2.Task3.V16.csproj", "{738CEECF-A538-4565-B62F-37469E21A83E}"
EndProject
Project("{FAE04EC0-301F-11D3-BF4B-00C04F79EFBC}") = "Tyuiu.KosyakovDS.Sprint2.Task3.V16.Lib", "Tyuiu.KosyakovDS.Sprint2.Task3.V16.Lib\Tyuiu.KosyakovDS.Sprint2.Task3.V16.Lib.csproj", "{D3ACFB0F-D452-4728-913F-A595ADF57178}"
EndProject
Project("{FAE04EC0-301F-11D3-BF4B-00C04F79EFBC}") = "Tyuiu.KosyakovDS.Sprint2.Task3.V16.Test", "Tyuiu.KosyakovDS.Sprint2.Task3.V16.Test\Tyuiu.KosyakovDS.Sprint2.Task3.V16.Test.csproj", "{64DB4463-86B3-4BED-9DBD-57F2DC493AA5}"
EndProject
Global
	GlobalSection(SolutionConfigurationPlatforms) = preSolution
		Debug|Any CPU = Debug|Any CPU
		Release|Any CPU = Release|Any CPU
	EndGlobalSection
	GlobalSection(ProjectConfigurationPlatforms) = postSolution
		{C7B33D9B-1B9A-6C58-AB4D-8D44B86E427D}.Debug|Any CPU.ActiveCfg = Debug|Any CPU
		{C7B33D9B-1B9A-6C58-AB4D-8D44B86E427D}.Debug|Any CPU.Build.0 = Debug|Any CPU
		{C7B33D9B-1B9A-6C58-AB4D-8D44B86E427D}.Release|Any CPU.ActiveCfg = Release|Any CPU
		{C7B33D9B-1B9A-6C58-AB4D-8D44B86E427D}.Release|Any CPU.Build.0 = Release|Any CPU
		{3D8B19E6-D874-F8C7-C593-4737778D0BF9}.Debug|Any CPU.ActiveCfg = Debug|Any CPU
		{3D8B19E6-D874-F8C7-C593-4737778D0BF9}.Debug|Any CPU.Build.0 = Debug|Any CPU
		{3D8B19E6-D874-F8C7-C593-4737778D0BF9}.Release|Any CPU.ActiveCfg = Release|Any CPU
		{3D8B19E6-D874-F8C7-C593-4737778D0BF9}.Release|Any CPU.Build.0 = Release|Any CPU
		{86397D9C-E875-4F99-BF61-337D69E0E018}.Debug|Any CPU.ActiveCfg = Debug|Any CPU
		{86397D9C-E875-4F99-BF61-337D69E0E018}.Debug|Any CPU.Build.0 = Debug|Any CPU
		{86397D9C-E875-4F99-BF61-337D69E0E018}.Release|Any CPU.ActiveCfg = Release|Any CPU
		{86397D9C-E875-4F99-BF61-337D69E0E018}.Release|Any CPU.Build.0 = Release|Any CPU
		{A59ED75A-BB5B-4498-8B84-FF98E6FD13BB}.Debug|Any CPU.ActiveCfg = Debug|Any CPU
		{A59ED75A-BB5B-4498-8B84-FF98E6FD13BB}.Debug|Any CPU.Build.0 = Debug|Any CPU
		{A59ED75A-BB5B-4498-8B84-FF98E6FD13BB}.Release|Any CPU.ActiveCfg = Release|Any CPU
		{A59ED75A-BB5B-4498-8B84-FF98E6FD13BB}.Release|Any CPU.Build.0 = Release|Any CPU
		{1E2A858F-1B60-4030-98C3-028759046101}.Debug|Any CPU.ActiveCfg = Debug|Any CPU
		{1E2A858F-1B60-4030-98C3-028759046101}.Debug|Any CPU.Build.0 = Debug|Any CPU
		{1E2A858F-1B60-4030-98C3-028759046101}.Release|Any CPU.ActiveCfg = Release|Any CPU
		{1E2A858F-1B60-4030-98C3-028759046101}.Release|Any CPU.Build.0 = Release|Any CPU
		{905939C0-4020-4043-83D3-A2AD9587A43E}.Debug|Any CPU.ActiveCfg = Debug|Any CPU
		{905939C0-4020-4043-83D3-A2AD9587A43E}.Debug|Any CPU.Build.0 = Debug|Any CPU
		{905939C0-4020-4043-83D3-A2AD9587A43E}.Release|Any CPU.ActiveCfg = Release|Any CPU
		{905939C0-4020-4043-83D3-A2AD9587A43E}.Release|Any CPU.Build.0 = Release|Any CPU
		{B2EF3E08-64C7-49E4-9967-9BED1B648A07}.Debug|Any CPU.ActiveCfg = Debug|Any CPU
		{B2EF3E08-64C7-49E4-9967-9BED1B648A07}.Debug|Any CPU.Build.0 = Debug|Any CPU
		{B2EF3E08-64C7-49E4-9967-9BED1B648A07}.Release|Any CPU.ActiveCfg = Release|Any CPU
		{B2EF3E08-64C7-49E4-9967-9BED1B648A07}.Release|Any CPU.Build.0 = Release|Any CPU
		{A973CC2B-958F-42BF-8CEA-567EE7FD5A8F}.Debug|Any CPU.ActiveCfg = Debug|Any CPU
		{A973CC2B-958F-42BF-8CEA-567EE7FD5A8F}.Debug|Any CPU.Build.0 = Debug|Any CPU
		{A973CC2B-958F-42BF-8CEA-567EE7FD5A8F}.Release|Any CPU.ActiveCfg = Release|Any CPU
		{A973CC2B-958F-42BF-8CEA-567EE7FD5A8F}.Release|Any CPU.Build.0 = Release|Any CPU
		{9AC25638-098C-4375-85AA-78859C66887E}.Debug|Any CPU.ActiveCfg = Debug|Any CPU
		{9AC25638-098C-4375-85AA-78859C66887E}.Debug|Any CPU.Build.0 = Debug|Any CPU
		{9AC25638-098C-4375-85AA-78859C66887E}.Release|Any CPU.ActiveCfg = Release|Any CPU
		{9AC25638-098C-4375-85AA-78859C66887E}.Release|Any CPU.Build.0 = Release|Any CPU
		{738CEECF-A538-4565-B62F-37469E21A83E}.Debug|Any CPU.ActiveCfg = Debug|Any CPU
		{738CEECF-A538-4565-B62F-37469E21A83E}.Debug|Any CPU.Build.0 = Debug|Any CPU
		{738CEECF-A538-4565-B62F-37469E21A83E}.Release|Any CPU.ActiveCfg = Release|Any CPU
		{738CEECF-A538-4565-B62F-37469E21A83E}.Release|Any CPU.Build.0 = Release|Any CPU
		{D3ACFB0F-D452-4728-913F-A595ADF57178}.Debug|Any CPU.ActiveCfg = Debug|Any CPU
		{D3ACFB0F-D452-4728-913F-A595ADF57178}.Debug|Any CPU.Build.0 = Debug|Any CPU
		{D3ACFB0F-D452-4728-913F-A595ADF57178}.Release|Any CPU.ActiveCfg = Release|Any CPU
		{D3ACFB0F-D452-4728-913F-A595ADF57178}.Release|Any CPU.Build.0 = Release|Any CPU
		{64DB4463-86B3-4BED-9DBD-57F2DC493AA5}.Debug|Any CPU.ActiveCfg = Debug|Any CPU
		{64DB4463-86B3-4BED-9DBD-57F2DC493AA5}.Debug|Any CPU.Build.0 = Debug|Any CPU
		{64DB4463-86B3-4BED-9DBD-57F2DC493AA5}.Release|Any CPU.ActiveCfg = Release|Any CPU
		{64DB4463-86B3-4BED-9DBD-57F2DC493AA5}.Release|Any CPU.Build.0 = Release|Any CPU
	EndGlobalSection
	GlobalSection(SolutionProperties) = preSolution
		HideSolutionNode = FALSE
	EndGlobalSection
	GlobalSection(NestedProjects) = preSolution
		{C7B33D9B-1B9A-6C58-AB4D-8D44B86E427D} = {02EA681E-C7D8-13C7-8484-4AC65E1B71E8}
		{3D8B19E6-D874-F8C7-C593-4737778D0BF9} = {02EA681E-C7D8-13C7-8484-4AC65E1B71E8}
		{86397D9C-E875-4F99-BF61-337D69E0E018} = {02EA681E-C7D8-13C7-8484-4AC65E1B71E8}
		{A59ED75A-BB5B-4498-8B84-FF98E6FD13BB} = {239096DE-DB1B-4730-BFDE-9904FCADD573}
		{1E2A858F-1B60-4030-98C3-028759046101} = {239096DE-DB1B-4730-BFDE-9904FCADD573}
		{905939C0-4020-4043-83D3-A2AD9587A43E} = {239096DE-DB1B-4730-BFDE-9904FCADD573}
		{B2EF3E08-64C7-49E4-9967-9BED1B648A07} = {AAF4027A-F769-41FC-93CF-1302FC795104}
		{A973CC2B-958F-42BF-8CEA-567EE7FD5A8F} = {AAF4027A-F769-41FC-93CF-1302FC795104}
		{9AC25638-098C-4375-85AA-78859C66887E} = {AAF4027A-F769-41FC-93CF-1302FC795104}
		{738CEECF-A538-4565-B62F-37469E21A83E} = {96252024-46E2-4C87-98E7-6085532C2ED4}
		{D3ACFB0F-D452-4728-913F-A595ADF57178} = {96252024-46E2-4C87-98E7-6085532C2ED4}
		{64DB4463-86B3-4BED-9DBD-57F2DC493AA5} = {96252024-46E2-4C87-98E7-6085532C2ED4}
	EndGlobalSection
	GlobalSection(ExtensibilityGlobals) = postSolution
		SolutionGuid = {E57D7A42-C396-4C02-84A9-B3DA20062CA7}
	EndGlobalSection
EndGlobal
